// !$*UTF8*$!
{
	archiveVersion = 1;
	classes = {
	};
	objectVersion = 50;
	objects = {

/* Begin PBXBuildFile section */
		3B3EAF9D21D3E6530072BA12 /* regions.plist in Resources */ = {isa = PBXBuildFile; fileRef = 3B3EAF9C21D3E6530072BA12 /* regions.plist */; };
		3B3EAF9F21D3E8E40072BA12 /* RegionsViewController.swift in Sources */ = {isa = PBXBuildFile; fileRef = 3B3EAF9E21D3E8E40072BA12 /* RegionsViewController.swift */; };
		3B97B58221D555280040B11A /* FavoritesViewController.swift in Sources */ = {isa = PBXBuildFile; fileRef = 3B97B58121D555280040B11A /* FavoritesViewController.swift */; };
		3BA25DDD21D4EDA300411B7F /* ConfigManager.swift in Sources */ = {isa = PBXBuildFile; fileRef = 3BA25DDC21D4EDA300411B7F /* ConfigManager.swift */; };
		3BA25DDF21D4EE1800411B7F /* RequestManager.swift in Sources */ = {isa = PBXBuildFile; fileRef = 3BA25DDE21D4EE1800411B7F /* RequestManager.swift */; };
		3BA25DE121D4F3E700411B7F /* RouteManager.swift in Sources */ = {isa = PBXBuildFile; fileRef = 3BA25DE021D4F3E700411B7F /* RouteManager.swift */; };
		3BA25DE321D4F50E00411B7F /* CountriesByRegionViewController.swift in Sources */ = {isa = PBXBuildFile; fileRef = 3BA25DE221D4F50E00411B7F /* CountriesByRegionViewController.swift */; };
		3BA25DE721D4FAE900411B7F /* CountryTableViewCell.swift in Sources */ = {isa = PBXBuildFile; fileRef = 3BA25DE521D4FAE900411B7F /* CountryTableViewCell.swift */; };
		3BA25DE821D4FAE900411B7F /* CountryTableViewCell.xib in Resources */ = {isa = PBXBuildFile; fileRef = 3BA25DE621D4FAE900411B7F /* CountryTableViewCell.xib */; };
		3BA25DEA21D502E100411B7F /* SearchCountryViewController.swift in Sources */ = {isa = PBXBuildFile; fileRef = 3BA25DE921D502E100411B7F /* SearchCountryViewController.swift */; };
		3BA25DED21D5049100411B7F /* Throttler.swift in Sources */ = {isa = PBXBuildFile; fileRef = 3BA25DEC21D5049100411B7F /* Throttler.swift */; };
		3BA25DEF21D504C200411B7F /* SearchBar.swift in Sources */ = {isa = PBXBuildFile; fileRef = 3BA25DEE21D504C200411B7F /* SearchBar.swift */; };
		3BA25DF421D512A000411B7F /* CountryInfoTableViewCell.swift in Sources */ = {isa = PBXBuildFile; fileRef = 3BA25DF221D512A000411B7F /* CountryInfoTableViewCell.swift */; };
		3BA25DF521D512A000411B7F /* CountryInfoTableViewCell.xib in Resources */ = {isa = PBXBuildFile; fileRef = 3BA25DF321D512A000411B7F /* CountryInfoTableViewCell.xib */; };
		3BA25DF721D513E200411B7F /* CountryInfoViewController.swift in Sources */ = {isa = PBXBuildFile; fileRef = 3BA25DF621D513E200411B7F /* CountryInfoViewController.swift */; };
		3BE25A9721D3D4B500D70B24 /* AppDelegate.swift in Sources */ = {isa = PBXBuildFile; fileRef = 3BE25A9621D3D4B500D70B24 /* AppDelegate.swift */; };
		3BE25A9921D3D4B500D70B24 /* ViewController.swift in Sources */ = {isa = PBXBuildFile; fileRef = 3BE25A9821D3D4B500D70B24 /* ViewController.swift */; };
		3BE25A9C21D3D4B500D70B24 /* Main.storyboard in Resources */ = {isa = PBXBuildFile; fileRef = 3BE25A9A21D3D4B500D70B24 /* Main.storyboard */; };
		3BE25A9E21D3D4B700D70B24 /* Assets.xcassets in Resources */ = {isa = PBXBuildFile; fileRef = 3BE25A9D21D3D4B700D70B24 /* Assets.xcassets */; };
		3BE25AA121D3D4B700D70B24 /* LaunchScreen.storyboard in Resources */ = {isa = PBXBuildFile; fileRef = 3BE25A9F21D3D4B700D70B24 /* LaunchScreen.storyboard */; };
		3BE25AAE21D3D95300D70B24 /* ResourcesManager.swift in Sources */ = {isa = PBXBuildFile; fileRef = 3BE25AAD21D3D95300D70B24 /* ResourcesManager.swift */; };
		3BE25AB021D3D9BC00D70B24 /* data.json in Resources */ = {isa = PBXBuildFile; fileRef = 3BE25AAF21D3D9BC00D70B24 /* data.json */; };
		60C7B10C692EB219A90DA83C /* Pods_Atlas.framework in Frameworks */ = {isa = PBXBuildFile; fileRef = C7E0800D0DF4BBB999FAF66D /* Pods_Atlas.framework */; };
/* End PBXBuildFile section */

/* Begin PBXFileReference section */
		26A964F33328B0A182F3D752 /* Pods-Atlas.release.xcconfig */ = {isa = PBXFileReference; includeInIndex = 1; lastKnownFileType = text.xcconfig; name = "Pods-Atlas.release.xcconfig"; path = "Pods/Target Support Files/Pods-Atlas/Pods-Atlas.release.xcconfig"; sourceTree = "<group>"; };
		3B3EAF9C21D3E6530072BA12 /* regions.plist */ = {isa = PBXFileReference; lastKnownFileType = text.plist.xml; path = regions.plist; sourceTree = "<group>"; };
		3B3EAF9E21D3E8E40072BA12 /* RegionsViewController.swift */ = {isa = PBXFileReference; lastKnownFileType = sourcecode.swift; path = RegionsViewController.swift; sourceTree = "<group>"; };
		3B97B58121D555280040B11A /* FavoritesViewController.swift */ = {isa = PBXFileReference; lastKnownFileType = sourcecode.swift; path = FavoritesViewController.swift; sourceTree = "<group>"; };
		3BA25DDC21D4EDA300411B7F /* ConfigManager.swift */ = {isa = PBXFileReference; lastKnownFileType = sourcecode.swift; path = ConfigManager.swift; sourceTree = "<group>"; };
		3BA25DDE21D4EE1800411B7F /* RequestManager.swift */ = {isa = PBXFileReference; lastKnownFileType = sourcecode.swift; path = RequestManager.swift; sourceTree = "<group>"; };
		3BA25DE021D4F3E700411B7F /* RouteManager.swift */ = {isa = PBXFileReference; lastKnownFileType = sourcecode.swift; path = RouteManager.swift; sourceTree = "<group>"; };
		3BA25DE221D4F50E00411B7F /* CountriesByRegionViewController.swift */ = {isa = PBXFileReference; lastKnownFileType = sourcecode.swift; path = CountriesByRegionViewController.swift; sourceTree = "<group>"; };
		3BA25DE521D4FAE900411B7F /* CountryTableViewCell.swift */ = {isa = PBXFileReference; lastKnownFileType = sourcecode.swift; path = CountryTableViewCell.swift; sourceTree = "<group>"; };
		3BA25DE621D4FAE900411B7F /* CountryTableViewCell.xib */ = {isa = PBXFileReference; lastKnownFileType = file.xib; path = CountryTableViewCell.xib; sourceTree = "<group>"; };
		3BA25DE921D502E100411B7F /* SearchCountryViewController.swift */ = {isa = PBXFileReference; lastKnownFileType = sourcecode.swift; path = SearchCountryViewController.swift; sourceTree = "<group>"; };
		3BA25DEC21D5049100411B7F /* Throttler.swift */ = {isa = PBXFileReference; lastKnownFileType = sourcecode.swift; path = Throttler.swift; sourceTree = "<group>"; };
		3BA25DEE21D504C200411B7F /* SearchBar.swift */ = {isa = PBXFileReference; lastKnownFileType = sourcecode.swift; path = SearchBar.swift; sourceTree = "<group>"; };
		3BA25DF221D512A000411B7F /* CountryInfoTableViewCell.swift */ = {isa = PBXFileReference; lastKnownFileType = sourcecode.swift; path = CountryInfoTableViewCell.swift; sourceTree = "<group>"; };
		3BA25DF321D512A000411B7F /* CountryInfoTableViewCell.xib */ = {isa = PBXFileReference; lastKnownFileType = file.xib; path = CountryInfoTableViewCell.xib; sourceTree = "<group>"; };
		3BA25DF621D513E200411B7F /* CountryInfoViewController.swift */ = {isa = PBXFileReference; lastKnownFileType = sourcecode.swift; path = CountryInfoViewController.swift; sourceTree = "<group>"; };
		3BE25A9321D3D4B500D70B24 /* Atlas.app */ = {isa = PBXFileReference; explicitFileType = wrapper.application; includeInIndex = 0; path = Atlas.app; sourceTree = BUILT_PRODUCTS_DIR; };
		3BE25A9621D3D4B500D70B24 /* AppDelegate.swift */ = {isa = PBXFileReference; lastKnownFileType = sourcecode.swift; path = AppDelegate.swift; sourceTree = "<group>"; };
		3BE25A9821D3D4B500D70B24 /* ViewController.swift */ = {isa = PBXFileReference; lastKnownFileType = sourcecode.swift; path = ViewController.swift; sourceTree = "<group>"; };
		3BE25A9B21D3D4B500D70B24 /* Base */ = {isa = PBXFileReference; lastKnownFileType = file.storyboard; name = Base; path = Base.lproj/Main.storyboard; sourceTree = "<group>"; };
		3BE25A9D21D3D4B700D70B24 /* Assets.xcassets */ = {isa = PBXFileReference; lastKnownFileType = folder.assetcatalog; path = Assets.xcassets; sourceTree = "<group>"; };
		3BE25AA021D3D4B700D70B24 /* Base */ = {isa = PBXFileReference; lastKnownFileType = file.storyboard; name = Base; path = Base.lproj/LaunchScreen.storyboard; sourceTree = "<group>"; };
		3BE25AA221D3D4B700D70B24 /* Info.plist */ = {isa = PBXFileReference; lastKnownFileType = text.plist.xml; path = Info.plist; sourceTree = "<group>"; };
		3BE25AAD21D3D95300D70B24 /* ResourcesManager.swift */ = {isa = PBXFileReference; lastKnownFileType = sourcecode.swift; path = ResourcesManager.swift; sourceTree = "<group>"; };
		3BE25AAF21D3D9BC00D70B24 /* data.json */ = {isa = PBXFileReference; fileEncoding = 4; lastKnownFileType = text.json; path = data.json; sourceTree = "<group>"; };
		6C1ED25F417752934D42FC51 /* Pods-Atlas.debug.xcconfig */ = {isa = PBXFileReference; includeInIndex = 1; lastKnownFileType = text.xcconfig; name = "Pods-Atlas.debug.xcconfig"; path = "Pods/Target Support Files/Pods-Atlas/Pods-Atlas.debug.xcconfig"; sourceTree = "<group>"; };
		C7E0800D0DF4BBB999FAF66D /* Pods_Atlas.framework */ = {isa = PBXFileReference; explicitFileType = wrapper.framework; includeInIndex = 0; path = Pods_Atlas.framework; sourceTree = BUILT_PRODUCTS_DIR; };
/* End PBXFileReference section */

/* Begin PBXFrameworksBuildPhase section */
		3BE25A9021D3D4B500D70B24 /* Frameworks */ = {
			isa = PBXFrameworksBuildPhase;
			buildActionMask = 2147483647;
			files = (
				60C7B10C692EB219A90DA83C /* Pods_Atlas.framework in Frameworks */,
			);
			runOnlyForDeploymentPostprocessing = 0;
		};
/* End PBXFrameworksBuildPhase section */

/* Begin PBXGroup section */
		3BA25DE421D4FACC00411B7F /* Subviews */ = {
			isa = PBXGroup;
			children = (
				3BA25DE521D4FAE900411B7F /* CountryTableViewCell.swift */,
				3BA25DE621D4FAE900411B7F /* CountryTableViewCell.xib */,
				3BA25DF221D512A000411B7F /* CountryInfoTableViewCell.swift */,
				3BA25DF321D512A000411B7F /* CountryInfoTableViewCell.xib */,
			);
			path = Subviews;
			sourceTree = "<group>";
		};
		3BA25DEB21D5046600411B7F /* General */ = {
			isa = PBXGroup;
			children = (
				3BA25DEC21D5049100411B7F /* Throttler.swift */,
				3BA25DEE21D504C200411B7F /* SearchBar.swift */,
			);
			path = General;
			sourceTree = "<group>";
		};
		3BE25A8A21D3D4B500D70B24 = {
			isa = PBXGroup;
			children = (
				3BE25A9521D3D4B500D70B24 /* Atlas */,
				3BE25A9421D3D4B500D70B24 /* Products */,
				D414BCF7791468DB441F1A98 /* Pods */,
				9B82EFE5731C33E4DE6595ED /* Frameworks */,
			);
			sourceTree = "<group>";
		};
		3BE25A9421D3D4B500D70B24 /* Products */ = {
			isa = PBXGroup;
			children = (
				3BE25A9321D3D4B500D70B24 /* Atlas.app */,
			);
			name = Products;
			sourceTree = "<group>";
		};
		3BE25A9521D3D4B500D70B24 /* Atlas */ = {
			isa = PBXGroup;
			children = (
				3BE25A9621D3D4B500D70B24 /* AppDelegate.swift */,
				3BE25AA821D3D8E100D70B24 /* Managers */,
				3BE25AA921D3D8EC00D70B24 /* UserInterface */,
				3BE25AAC21D3D90800D70B24 /* Resources */,
			);
			path = Atlas;
			sourceTree = "<group>";
		};
		3BE25AA821D3D8E100D70B24 /* Managers */ = {
			isa = PBXGroup;
			children = (
				3BA25DDC21D4EDA300411B7F /* ConfigManager.swift */,
				3BE25AAD21D3D95300D70B24 /* ResourcesManager.swift */,
				3BA25DDE21D4EE1800411B7F /* RequestManager.swift */,
				3BA25DE021D4F3E700411B7F /* RouteManager.swift */,
			);
			path = Managers;
			sourceTree = "<group>";
		};
		3BE25AA921D3D8EC00D70B24 /* UserInterface */ = {
			isa = PBXGroup;
			children = (
				3BA25DEB21D5046600411B7F /* General */,
				3BE25AAA21D3D8EC00D70B24 /* Storyboards */,
				3BE25AAB21D3D8EC00D70B24 /* ViewControllers */,
			);
			path = UserInterface;
			sourceTree = "<group>";
		};
		3BE25AAA21D3D8EC00D70B24 /* Storyboards */ = {
			isa = PBXGroup;
			children = (
				3BE25A9F21D3D4B700D70B24 /* LaunchScreen.storyboard */,
				3BE25A9A21D3D4B500D70B24 /* Main.storyboard */,
			);
			path = Storyboards;
			sourceTree = "<group>";
		};
		3BE25AAB21D3D8EC00D70B24 /* ViewControllers */ = {
			isa = PBXGroup;
			children = (
				3BA25DE421D4FACC00411B7F /* Subviews */,
				3BE25A9821D3D4B500D70B24 /* ViewController.swift */,
				3B3EAF9E21D3E8E40072BA12 /* RegionsViewController.swift */,
				3BA25DE221D4F50E00411B7F /* CountriesByRegionViewController.swift */,
				3BA25DE921D502E100411B7F /* SearchCountryViewController.swift */,
				3BA25DF621D513E200411B7F /* CountryInfoViewController.swift */,
				3B97B58121D555280040B11A /* FavoritesViewController.swift */,
			);
			path = ViewControllers;
			sourceTree = "<group>";
		};
		3BE25AAC21D3D90800D70B24 /* Resources */ = {
			isa = PBXGroup;
			children = (
				3BE25AA221D3D4B700D70B24 /* Info.plist */,
				3BE25AAF21D3D9BC00D70B24 /* data.json */,
				3B3EAF9C21D3E6530072BA12 /* regions.plist */,
				3BE25A9D21D3D4B700D70B24 /* Assets.xcassets */,
			);
			path = Resources;
			sourceTree = "<group>";
		};
		9B82EFE5731C33E4DE6595ED /* Frameworks */ = {
			isa = PBXGroup;
			children = (
				C7E0800D0DF4BBB999FAF66D /* Pods_Atlas.framework */,
			);
			name = Frameworks;
			sourceTree = "<group>";
		};
		D414BCF7791468DB441F1A98 /* Pods */ = {
			isa = PBXGroup;
			children = (
				6C1ED25F417752934D42FC51 /* Pods-Atlas.debug.xcconfig */,
				26A964F33328B0A182F3D752 /* Pods-Atlas.release.xcconfig */,
			);
			name = Pods;
			sourceTree = "<group>";
		};
/* End PBXGroup section */

/* Begin PBXNativeTarget section */
		3BE25A9221D3D4B500D70B24 /* Atlas */ = {
			isa = PBXNativeTarget;
			buildConfigurationList = 3BE25AA521D3D4B700D70B24 /* Build configuration list for PBXNativeTarget "Atlas" */;
			buildPhases = (
				078873C130CC6A8C99F94120 /* [CP] Check Pods Manifest.lock */,
				3BE25A8F21D3D4B500D70B24 /* Sources */,
				3BE25A9021D3D4B500D70B24 /* Frameworks */,
				3BE25A9121D3D4B500D70B24 /* Resources */,
				281B1AFEA2F3E5FD8970E7F1 /* [CP] Embed Pods Frameworks */,
			);
			buildRules = (
			);
			dependencies = (
			);
			name = Atlas;
			productName = Atlas;
			productReference = 3BE25A9321D3D4B500D70B24 /* Atlas.app */;
			productType = "com.apple.product-type.application";
		};
/* End PBXNativeTarget section */

/* Begin PBXProject section */
		3BE25A8B21D3D4B500D70B24 /* Project object */ = {
			isa = PBXProject;
			attributes = {
				LastSwiftUpdateCheck = 1010;
				LastUpgradeCheck = 1010;
				ORGANIZATIONNAME = "Pavel Belevtsev";
				TargetAttributes = {
					3BE25A9221D3D4B500D70B24 = {
						CreatedOnToolsVersion = 10.1;
					};
				};
			};
			buildConfigurationList = 3BE25A8E21D3D4B500D70B24 /* Build configuration list for PBXProject "Atlas" */;
			compatibilityVersion = "Xcode 9.3";
			developmentRegion = en;
			hasScannedForEncodings = 0;
			knownRegions = (
				en,
				Base,
			);
			mainGroup = 3BE25A8A21D3D4B500D70B24;
			productRefGroup = 3BE25A9421D3D4B500D70B24 /* Products */;
			projectDirPath = "";
			projectRoot = "";
			targets = (
				3BE25A9221D3D4B500D70B24 /* Atlas */,
			);
		};
/* End PBXProject section */

/* Begin PBXResourcesBuildPhase section */
		3BE25A9121D3D4B500D70B24 /* Resources */ = {
			isa = PBXResourcesBuildPhase;
			buildActionMask = 2147483647;
			files = (
				3BA25DE821D4FAE900411B7F /* CountryTableViewCell.xib in Resources */,
				3BE25AA121D3D4B700D70B24 /* LaunchScreen.storyboard in Resources */,
				3BA25DF521D512A000411B7F /* CountryInfoTableViewCell.xib in Resources */,
				3BE25A9E21D3D4B700D70B24 /* Assets.xcassets in Resources */,
				3BE25A9C21D3D4B500D70B24 /* Main.storyboard in Resources */,
				3BE25AB021D3D9BC00D70B24 /* data.json in Resources */,
				3B3EAF9D21D3E6530072BA12 /* regions.plist in Resources */,
			);
			runOnlyForDeploymentPostprocessing = 0;
		};
/* End PBXResourcesBuildPhase section */

/* Begin PBXShellScriptBuildPhase section */
		078873C130CC6A8C99F94120 /* [CP] Check Pods Manifest.lock */ = {
			isa = PBXShellScriptBuildPhase;
			buildActionMask = 2147483647;
			files = (
			);
			inputPaths = (
				"${PODS_PODFILE_DIR_PATH}/Podfile.lock",
				"${PODS_ROOT}/Manifest.lock",
			);
			name = "[CP] Check Pods Manifest.lock";
			outputPaths = (
				"$(DERIVED_FILE_DIR)/Pods-Atlas-checkManifestLockResult.txt",
			);
			runOnlyForDeploymentPostprocessing = 0;
			shellPath = /bin/sh;
			shellScript = "diff \"${PODS_PODFILE_DIR_PATH}/Podfile.lock\" \"${PODS_ROOT}/Manifest.lock\" > /dev/null\nif [ $? != 0 ] ; then\n    # print error to STDERR\n    echo \"error: The sandbox is not in sync with the Podfile.lock. Run 'pod install' or update your CocoaPods installation.\" >&2\n    exit 1\nfi\n# This output is used by Xcode 'outputs' to avoid re-running this script phase.\necho \"SUCCESS\" > \"${SCRIPT_OUTPUT_FILE_0}\"\n";
			showEnvVarsInLog = 0;
		};
		281B1AFEA2F3E5FD8970E7F1 /* [CP] Embed Pods Frameworks */ = {
			isa = PBXShellScriptBuildPhase;
			buildActionMask = 2147483647;
			files = (
			);
			inputPaths = (
				"${SRCROOT}/Pods/Target Support Files/Pods-Atlas/Pods-Atlas-frameworks.sh",
				"${BUILT_PRODUCTS_DIR}/AFNetworking/AFNetworking.framework",
				"${BUILT_PRODUCTS_DIR}/SVProgressHUD/SVProgressHUD.framework",
			);
			name = "[CP] Embed Pods Frameworks";
			outputPaths = (
				"${TARGET_BUILD_DIR}/${FRAMEWORKS_FOLDER_PATH}/AFNetworking.framework",
				"${TARGET_BUILD_DIR}/${FRAMEWORKS_FOLDER_PATH}/SVProgressHUD.framework",
			);
			runOnlyForDeploymentPostprocessing = 0;
			shellPath = /bin/sh;
			shellScript = "\"${SRCROOT}/Pods/Target Support Files/Pods-Atlas/Pods-Atlas-frameworks.sh\"\n";
			showEnvVarsInLog = 0;
		};
/* End PBXShellScriptBuildPhase section */

/* Begin PBXSourcesBuildPhase section */
		3BE25A8F21D3D4B500D70B24 /* Sources */ = {
			isa = PBXSourcesBuildPhase;
			buildActionMask = 2147483647;
			files = (
				3BA25DE721D4FAE900411B7F /* CountryTableViewCell.swift in Sources */,
				3B3EAF9F21D3E8E40072BA12 /* RegionsViewController.swift in Sources */,
				3BE25A9921D3D4B500D70B24 /* ViewController.swift in Sources */,
				3BE25A9721D3D4B500D70B24 /* AppDelegate.swift in Sources */,
				3BA25DDF21D4EE1800411B7F /* RequestManager.swift in Sources */,
				3BA25DEF21D504C200411B7F /* SearchBar.swift in Sources */,
				3BA25DF721D513E200411B7F /* CountryInfoViewController.swift in Sources */,
				3BA25DDD21D4EDA300411B7F /* ConfigManager.swift in Sources */,
				3BA25DE121D4F3E700411B7F /* RouteManager.swift in Sources */,
				3BA25DED21D5049100411B7F /* Throttler.swift in Sources */,
				3BA25DEA21D502E100411B7F /* SearchCountryViewController.swift in Sources */,
				3BE25AAE21D3D95300D70B24 /* ResourcesManager.swift in Sources */,
				3BA25DF421D512A000411B7F /* CountryInfoTableViewCell.swift in Sources */,
				3B97B58221D555280040B11A /* FavoritesViewController.swift in Sources */,
				3BA25DE321D4F50E00411B7F /* CountriesByRegionViewController.swift in Sources */,
			);
			runOnlyForDeploymentPostprocessing = 0;
		};
/* End PBXSourcesBuildPhase section */

/* Begin PBXVariantGroup section */
		3BE25A9A21D3D4B500D70B24 /* Main.storyboard */ = {
			isa = PBXVariantGroup;
			children = (
				3BE25A9B21D3D4B500D70B24 /* Base */,
			);
			name = Main.storyboard;
			sourceTree = "<group>";
		};
		3BE25A9F21D3D4B700D70B24 /* LaunchScreen.storyboard */ = {
			isa = PBXVariantGroup;
			children = (
				3BE25AA021D3D4B700D70B24 /* Base */,
			);
			name = LaunchScreen.storyboard;
			sourceTree = "<group>";
		};
/* End PBXVariantGroup section */

/* Begin XCBuildConfiguration section */
		3BE25AA321D3D4B700D70B24 /* Debug */ = {
			isa = XCBuildConfiguration;
			buildSettings = {
				ALWAYS_SEARCH_USER_PATHS = NO;
				CLANG_ANALYZER_NONNULL = YES;
				CLANG_ANALYZER_NUMBER_OBJECT_CONVERSION = YES_AGGRESSIVE;
				CLANG_CXX_LANGUAGE_STANDARD = "gnu++14";
				CLANG_CXX_LIBRARY = "libc++";
				CLANG_ENABLE_MODULES = YES;
				CLANG_ENABLE_OBJC_ARC = YES;
				CLANG_ENABLE_OBJC_WEAK = YES;
				CLANG_WARN_BLOCK_CAPTURE_AUTORELEASING = YES;
				CLANG_WARN_BOOL_CONVERSION = YES;
				CLANG_WARN_COMMA = YES;
				CLANG_WARN_CONSTANT_CONVERSION = YES;
				CLANG_WARN_DEPRECATED_OBJC_IMPLEMENTATIONS = YES;
				CLANG_WARN_DIRECT_OBJC_ISA_USAGE = YES_ERROR;
				CLANG_WARN_DOCUMENTATION_COMMENTS = YES;
				CLANG_WARN_EMPTY_BODY = YES;
				CLANG_WARN_ENUM_CONVERSION = YES;
				CLANG_WARN_INFINITE_RECURSION = YES;
				CLANG_WARN_INT_CONVERSION = YES;
				CLANG_WARN_NON_LITERAL_NULL_CONVERSION = YES;
				CLANG_WARN_OBJC_IMPLICIT_RETAIN_SELF = YES;
				CLANG_WARN_OBJC_LITERAL_CONVERSION = YES;
				CLANG_WARN_OBJC_ROOT_CLASS = YES_ERROR;
				CLANG_WARN_RANGE_LOOP_ANALYSIS = YES;
				CLANG_WARN_STRICT_PROTOTYPES = YES;
				CLANG_WARN_SUSPICIOUS_MOVE = YES;
				CLANG_WARN_UNGUARDED_AVAILABILITY = YES_AGGRESSIVE;
				CLANG_WARN_UNREACHABLE_CODE = YES;
				CLANG_WARN__DUPLICATE_METHOD_MATCH = YES;
				CODE_SIGN_IDENTITY = "iPhone Developer";
				COPY_PHASE_STRIP = NO;
				DEBUG_INFORMATION_FORMAT = dwarf;
				ENABLE_STRICT_OBJC_MSGSEND = YES;
				ENABLE_TESTABILITY = YES;
				GCC_C_LANGUAGE_STANDARD = gnu11;
				GCC_DYNAMIC_NO_PIC = NO;
				GCC_NO_COMMON_BLOCKS = YES;
				GCC_OPTIMIZATION_LEVEL = 0;
				GCC_PREPROCESSOR_DEFINITIONS = (
					"DEBUG=1",
					"$(inherited)",
				);
				GCC_WARN_64_TO_32_BIT_CONVERSION = YES;
				GCC_WARN_ABOUT_RETURN_TYPE = YES_ERROR;
				GCC_WARN_UNDECLARED_SELECTOR = YES;
				GCC_WARN_UNINITIALIZED_AUTOS = YES_AGGRESSIVE;
				GCC_WARN_UNUSED_FUNCTION = YES;
				GCC_WARN_UNUSED_VARIABLE = YES;
				IPHONEOS_DEPLOYMENT_TARGET = 12.1;
				MTL_ENABLE_DEBUG_INFO = INCLUDE_SOURCE;
				MTL_FAST_MATH = YES;
				ONLY_ACTIVE_ARCH = YES;
				SDKROOT = iphoneos;
				SWIFT_ACTIVE_COMPILATION_CONDITIONS = DEBUG;
				SWIFT_OPTIMIZATION_LEVEL = "-Onone";
			};
			name = Debug;
		};
		3BE25AA421D3D4B700D70B24 /* Release */ = {
			isa = XCBuildConfiguration;
			buildSettings = {
				ALWAYS_SEARCH_USER_PATHS = NO;
				CLANG_ANALYZER_NONNULL = YES;
				CLANG_ANALYZER_NUMBER_OBJECT_CONVERSION = YES_AGGRESSIVE;
				CLANG_CXX_LANGUAGE_STANDARD = "gnu++14";
				CLANG_CXX_LIBRARY = "libc++";
				CLANG_ENABLE_MODULES = YES;
				CLANG_ENABLE_OBJC_ARC = YES;
				CLANG_ENABLE_OBJC_WEAK = YES;
				CLANG_WARN_BLOCK_CAPTURE_AUTORELEASING = YES;
				CLANG_WARN_BOOL_CONVERSION = YES;
				CLANG_WARN_COMMA = YES;
				CLANG_WARN_CONSTANT_CONVERSION = YES;
				CLANG_WARN_DEPRECATED_OBJC_IMPLEMENTATIONS = YES;
				CLANG_WARN_DIRECT_OBJC_ISA_USAGE = YES_ERROR;
				CLANG_WARN_DOCUMENTATION_COMMENTS = YES;
				CLANG_WARN_EMPTY_BODY = YES;
				CLANG_WARN_ENUM_CONVERSION = YES;
				CLANG_WARN_INFINITE_RECURSION = YES;
				CLANG_WARN_INT_CONVERSION = YES;
				CLANG_WARN_NON_LITERAL_NULL_CONVERSION = YES;
				CLANG_WARN_OBJC_IMPLICIT_RETAIN_SELF = YES;
				CLANG_WARN_OBJC_LITERAL_CONVERSION = YES;
				CLANG_WARN_OBJC_ROOT_CLASS = YES_ERROR;
				CLANG_WARN_RANGE_LOOP_ANALYSIS = YES;
				CLANG_WARN_STRICT_PROTOTYPES = YES;
				CLANG_WARN_SUSPICIOUS_MOVE = YES;
				CLANG_WARN_UNGUARDED_AVAILABILITY = YES_AGGRESSIVE;
				CLANG_WARN_UNREACHABLE_CODE = YES;
				CLANG_WARN__DUPLICATE_METHOD_MATCH = YES;
				CODE_SIGN_IDENTITY = "iPhone Developer";
				COPY_PHASE_STRIP = NO;
				DEBUG_INFORMATION_FORMAT = "dwarf-with-dsym";
				ENABLE_NS_ASSERTIONS = NO;
				ENABLE_STRICT_OBJC_MSGSEND = YES;
				GCC_C_LANGUAGE_STANDARD = gnu11;
				GCC_NO_COMMON_BLOCKS = YES;
				GCC_WARN_64_TO_32_BIT_CONVERSION = YES;
				GCC_WARN_ABOUT_RETURN_TYPE = YES_ERROR;
				GCC_WARN_UNDECLARED_SELECTOR = YES;
				GCC_WARN_UNINITIALIZED_AUTOS = YES_AGGRESSIVE;
				GCC_WARN_UNUSED_FUNCTION = YES;
				GCC_WARN_UNUSED_VARIABLE = YES;
				IPHONEOS_DEPLOYMENT_TARGET = 12.1;
				MTL_ENABLE_DEBUG_INFO = NO;
				MTL_FAST_MATH = YES;
				SDKROOT = iphoneos;
				SWIFT_COMPILATION_MODE = wholemodule;
				SWIFT_OPTIMIZATION_LEVEL = "-O";
				VALIDATE_PRODUCT = YES;
			};
			name = Release;
		};
		3BE25AA621D3D4B700D70B24 /* Debug */ = {
			isa = XCBuildConfiguration;
			baseConfigurationReference = 6C1ED25F417752934D42FC51 /* Pods-Atlas.debug.xcconfig */;
			buildSettings = {
				ASSETCATALOG_COMPILER_APPICON_NAME = AppIcon;
				CODE_SIGN_STYLE = Automatic;
				INFOPLIST_FILE = Atlas/Resources/Info.plist;
				LD_RUNPATH_SEARCH_PATHS = (
					"$(inherited)",
					"@executable_path/Frameworks",
				);
				PRODUCT_BUNDLE_IDENTIFIER = com.test.Atlas;
				PRODUCT_NAME = "$(TARGET_NAME)";
				SWIFT_VERSION = 4.2;
				TARGETED_DEVICE_FAMILY = 1;
			};
			name = Debug;
		};
		3BE25AA721D3D4B700D70B24 /* Release */ = {
			isa = XCBuildConfiguration;
			baseConfigurationReference = 26A964F33328B0A182F3D752 /* Pods-Atlas.release.xcconfig */;
			buildSettings = {
				ASSETCATALOG_COMPILER_APPICON_NAME = AppIcon;
				CODE_SIGN_STYLE = Automatic;
				INFOPLIST_FILE = Atlas/Resources/Info.plist;
				LD_RUNPATH_SEARCH_PATHS = (
					"$(inherited)",
					"@executable_path/Frameworks",
				);
				PRODUCT_BUNDLE_IDENTIFIER = com.test.Atlas;
				PRODUCT_NAME = "$(TARGET_NAME)";
				SWIFT_VERSION = 4.2;
				TARGETED_DEVICE_FAMILY = 1;
			};
			name = Release;
		};
/* End XCBuildConfiguration section */

/* Begin XCConfigurationList section */
		3BE25A8E21D3D4B500D70B24 /* Build configuration list for PBXProject "Atlas" */ = {
			isa = XCConfigurationList;
			buildConfigurations = (
				3BE25AA321D3D4B700D70B24 /* Debug */,
				3BE25AA421D3D4B700D70B24 /* Release */,
			);
			defaultConfigurationIsVisible = 0;
			defaultConfigurationName = Release;
		};
		3BE25AA521D3D4B700D70B24 /* Build configuration list for PBXNativeTarget "Atlas" */ = {
			isa = XCConfigurationList;
			buildConfigurations = (
				3BE25AA621D3D4B700D70B24 /* Debug */,
				3BE25AA721D3D4B700D70B24 /* Release */,
			);
			defaultConfigurationIsVisible = 0;
			defaultConfigurationName = Release;
		};
/* End XCConfigurationList section */
	};
	rootObject = 3BE25A8B21D3D4B500D70B24 /* Project object */;
}
